
Microsoft Visual Studio Solution File, Format Version 12.00
# Visual Studio Version 17
VisualStudioVersion = 17.9.34607.119
MinimumVisualStudioVersion = 10.0.40219.1
Project("{FAE04EC0-301F-11D3-BF4B-00C04F79EFBC}") = "MasterMindV2", "MasterMindV2\MasterMindV2.csproj", "{23DAA5DE-3324-47B1-9BDB-763E51B7CE09}"
EndProject
Global
	GlobalSection(SolutionConfigurationPlatforms) = preSolution
		Debug|Any CPU = Debug|Any CPU
		Release|Any CPU = Release|Any CPU
	EndGlobalSection
	GlobalSection(ProjectConfigurationPlatforms) = postSolution
		{23DAA5DE-3324-47B1-9BDB-763E51B7CE09}.Debug|Any CPU.ActiveCfg = Debug|Any CPU
		{23DAA5DE-3324-47B1-9BDB-763E51B7CE09}.Debug|Any CPU.Build.0 = Debug|Any CPU
		{23DAA5DE-3324-47B1-9BDB-763E51B7CE09}.Release|Any CPU.ActiveCfg = Release|Any CPU
		{23DAA5DE-3324-47B1-9BDB-763E51B7CE09}.Release|Any CPU.Build.0 = Release|Any CPU
	EndGlobalSection
	GlobalSection(SolutionProperties) = preSolution
		HideSolutionNode = FALSE
	EndGlobalSection
	GlobalSection(ExtensibilityGlobals) = postSolution
		SolutionGuid = {1445C018-29A9-475D-8173-5F944137D364}
	EndGlobalSection
EndGlobal
